
Microsoft Visual Studio Solution File, Format Version 12.00
# Visual Studio Version 16
VisualStudioVersion = 16.0.31205.134
MinimumVisualStudioVersion = 10.0.40219.1
Project("{9A19103F-16F7-4668-BE54-9A1E7A4F7556}") = "EventsDelegates", "EventsDelegates.csproj", "{F151A9BC-AE73-4B47-9E53-52CD4862CF66}"
EndProject
Global
	GlobalSection(SolutionConfigurationPlatforms) = preSolution
		Debug|Any CPU = Debug|Any CPU
		Release|Any CPU = Release|Any CPU
	EndGlobalSection
	GlobalSection(ProjectConfigurationPlatforms) = postSolution
		{F151A9BC-AE73-4B47-9E53-52CD4862CF66}.Debug|Any CPU.ActiveCfg = Debug|Any CPU
		{F151A9BC-AE73-4B47-9E53-52CD4862CF66}.Debug|Any CPU.Build.0 = Debug|Any CPU
		{F151A9BC-AE73-4B47-9E53-52CD4862CF66}.Release|Any CPU.ActiveCfg = Release|Any CPU
		{F151A9BC-AE73-4B47-9E53-52CD4862CF66}.Release|Any CPU.Build.0 = Release|Any CPU
	EndGlobalSection
	GlobalSection(SolutionProperties) = preSolution
		HideSolutionNode = FALSE
	EndGlobalSection
	GlobalSection(ExtensibilityGlobals) = postSolution
		SolutionGuid = {79FBF746-E71B-4AF6-AA2B-D1728CC68B80}
	EndGlobalSection
EndGlobal
