
Microsoft Visual Studio Solution File, Format Version 12.00
# Visual Studio Version 16
VisualStudioVersion = 16.0.31205.134
MinimumVisualStudioVersion = 10.0.40219.1
Project("{FAE04EC0-301F-11D3-BF4B-00C04F79EFBC}") = "CourseRegistrar", "CourseRegistrar.csproj", "{C99F6A62-A89B-4E52-B1AD-45E89BD4CEC0}"
EndProject
Global
	GlobalSection(SolutionConfigurationPlatforms) = preSolution
		Debug|Any CPU = Debug|Any CPU
		Release|Any CPU = Release|Any CPU
	EndGlobalSection
	GlobalSection(ProjectConfigurationPlatforms) = postSolution
		{C99F6A62-A89B-4E52-B1AD-45E89BD4CEC0}.Debug|Any CPU.ActiveCfg = Debug|Any CPU
		{C99F6A62-A89B-4E52-B1AD-45E89BD4CEC0}.Debug|Any CPU.Build.0 = Debug|Any CPU
		{C99F6A62-A89B-4E52-B1AD-45E89BD4CEC0}.Release|Any CPU.ActiveCfg = Release|Any CPU
		{C99F6A62-A89B-4E52-B1AD-45E89BD4CEC0}.Release|Any CPU.Build.0 = Release|Any CPU
	EndGlobalSection
	GlobalSection(SolutionProperties) = preSolution
		HideSolutionNode = FALSE
	EndGlobalSection
	GlobalSection(ExtensibilityGlobals) = postSolution
		SolutionGuid = {D09E0D40-A6EA-4D17-A205-EEAB1208FEE9}
	EndGlobalSection
EndGlobal
