
Microsoft Visual Studio Solution File, Format Version 12.00
# Visual Studio Version 16
VisualStudioVersion = 16.0.31205.134
MinimumVisualStudioVersion = 10.0.40219.1
Project("{FAE04EC0-301F-11D3-BF4B-00C04F79EFBC}") = "Interfaces", "Interfaces.csproj", "{DC639180-73FF-4DAC-BD1B-A53C7598A8DE}"
EndProject
Global
	GlobalSection(SolutionConfigurationPlatforms) = preSolution
		Debug|Any CPU = Debug|Any CPU
		Release|Any CPU = Release|Any CPU
	EndGlobalSection
	GlobalSection(ProjectConfigurationPlatforms) = postSolution
		{DC639180-73FF-4DAC-BD1B-A53C7598A8DE}.Debug|Any CPU.ActiveCfg = Debug|Any CPU
		{DC639180-73FF-4DAC-BD1B-A53C7598A8DE}.Debug|Any CPU.Build.0 = Debug|Any CPU
		{DC639180-73FF-4DAC-BD1B-A53C7598A8DE}.Release|Any CPU.ActiveCfg = Release|Any CPU
		{DC639180-73FF-4DAC-BD1B-A53C7598A8DE}.Release|Any CPU.Build.0 = Release|Any CPU
	EndGlobalSection
	GlobalSection(SolutionProperties) = preSolution
		HideSolutionNode = FALSE
	EndGlobalSection
	GlobalSection(ExtensibilityGlobals) = postSolution
		SolutionGuid = {0432E1AB-B589-4750-85C2-EBC9B6478E8A}
	EndGlobalSection
EndGlobal
