
Microsoft Visual Studio Solution File, Format Version 12.00
# Visual Studio Version 16
VisualStudioVersion = 16.0.31205.134
MinimumVisualStudioVersion = 10.0.40219.1
Project("{FAE04EC0-301F-11D3-BF4B-00C04F79EFBC}") = "ReflectionVariance.ConsoleApp", "ReflectionVariance.ConsoleApp\ReflectionVariance.ConsoleApp.csproj", "{43128C0D-E2BD-479D-AB6E-ADB067E318A2}"
EndProject
Global
	GlobalSection(SolutionConfigurationPlatforms) = preSolution
		Debug|Any CPU = Debug|Any CPU
		Release|Any CPU = Release|Any CPU
	EndGlobalSection
	GlobalSection(ProjectConfigurationPlatforms) = postSolution
		{43128C0D-E2BD-479D-AB6E-ADB067E318A2}.Debug|Any CPU.ActiveCfg = Debug|Any CPU
		{43128C0D-E2BD-479D-AB6E-ADB067E318A2}.Debug|Any CPU.Build.0 = Debug|Any CPU
		{43128C0D-E2BD-479D-AB6E-ADB067E318A2}.Release|Any CPU.ActiveCfg = Release|Any CPU
		{43128C0D-E2BD-479D-AB6E-ADB067E318A2}.Release|Any CPU.Build.0 = Release|Any CPU
	EndGlobalSection
	GlobalSection(SolutionProperties) = preSolution
		HideSolutionNode = FALSE
	EndGlobalSection
	GlobalSection(ExtensibilityGlobals) = postSolution
		SolutionGuid = {6CE8793E-ADDE-4829-BE9A-7C1333550D10}
	EndGlobalSection
EndGlobal
